// !$*UTF8*$!
{
	archiveVersion = 1;
	classes = {
	};
	objectVersion = 46;
	objects = {

/* Begin PBXBuildFile section */
		7B18806B1EC59D3E001F5632 /* StationsTableViewCell.m in Sources */ = {isa = PBXBuildFile; fileRef = 7B1880691EC59D3E001F5632 /* StationsTableViewCell.m */; };
		7B18806C1EC59D3E001F5632 /* StationsTableViewCell.xib in Resources */ = {isa = PBXBuildFile; fileRef = 7B18806A1EC59D3E001F5632 /* StationsTableViewCell.xib */; };
		7B1880781EC6B89C001F5632 /* CommentTableViewCell.m in Sources */ = {isa = PBXBuildFile; fileRef = 7B1880701EC6B89C001F5632 /* CommentTableViewCell.m */; };
		7B1880791EC6B89C001F5632 /* CommentTableViewCell.xib in Resources */ = {isa = PBXBuildFile; fileRef = 7B1880711EC6B89C001F5632 /* CommentTableViewCell.xib */; };
		7B18807A1EC6B89C001F5632 /* MapTableViewCell.m in Sources */ = {isa = PBXBuildFile; fileRef = 7B1880731EC6B89C001F5632 /* MapTableViewCell.m */; };
		7B18807B1EC6B89C001F5632 /* MapTableViewCell.xib in Resources */ = {isa = PBXBuildFile; fileRef = 7B1880741EC6B89C001F5632 /* MapTableViewCell.xib */; };
		7B18807C1EC6B89C001F5632 /* MapTableViewController.m in Sources */ = {isa = PBXBuildFile; fileRef = 7B1880761EC6B89C001F5632 /* MapTableViewController.m */; };
		7B18807D1EC6B89C001F5632 /* MapView.storyboard in Resources */ = {isa = PBXBuildFile; fileRef = 7B1880771EC6B89C001F5632 /* MapView.storyboard */; };
		7B81587E1EC5844100297408 /* StationInfoController.m in Sources */ = {isa = PBXBuildFile; fileRef = 7B81587D1EC5844100297408 /* StationInfoController.m */; };
		7B8158801EC5867200297408 /* StationInfoController.storyboard in Resources */ = {isa = PBXBuildFile; fileRef = 7B81587F1EC5867200297408 /* StationInfoController.storyboard */; };
		7BAD9BEA1EC151AF006DB809 /* main.m in Sources */ = {isa = PBXBuildFile; fileRef = 7BAD9BE91EC151AF006DB809 /* main.m */; };
		7BAD9BED1EC151AF006DB809 /* AppDelegate.m in Sources */ = {isa = PBXBuildFile; fileRef = 7BAD9BEC1EC151AF006DB809 /* AppDelegate.m */; };
		7BAD9BF51EC151AF006DB809 /* Assets.xcassets in Resources */ = {isa = PBXBuildFile; fileRef = 7BAD9BF41EC151AF006DB809 /* Assets.xcassets */; };
		7BAD9BF81EC151AF006DB809 /* LaunchScreen.storyboard in Resources */ = {isa = PBXBuildFile; fileRef = 7BAD9BF61EC151AF006DB809 /* LaunchScreen.storyboard */; };
		7BAD9C121EC1BD19006DB809 /* YoubikeManager.m in Sources */ = {isa = PBXBuildFile; fileRef = 7BAD9C111EC1BD19006DB809 /* YoubikeManager.m */; };
		7BAD9C141EC1CB6F006DB809 /* libAFNetworking.a in Frameworks */ = {isa = PBXBuildFile; fileRef = 7BAD9C131EC1CB6F006DB809 /* libAFNetworking.a */; };
		7BD2AB011EC6D612006811BE /* Stations.m in Sources */ = {isa = PBXBuildFile; fileRef = 7BD2AB001EC6D612006811BE /* Stations.m */; };
		9B8AF6021EC1624400AEE0A8 /* LogInViewController.m in Sources */ = {isa = PBXBuildFile; fileRef = 9B8AF6011EC1624400AEE0A8 /* LogInViewController.m */; };
		9B8AF6051EC1663600AEE0A8 /* Login.storyboard in Resources */ = {isa = PBXBuildFile; fileRef = 9B8AF6041EC1663600AEE0A8 /* Login.storyboard */; };
		9B8AF6081EC19E5400AEE0A8 /* ProfileViewController.m in Sources */ = {isa = PBXBuildFile; fileRef = 9B8AF6071EC19E5400AEE0A8 /* ProfileViewController.m */; };
		9B8AF60B1EC1A1E100AEE0A8 /* Tabbar.storyboard in Resources */ = {isa = PBXBuildFile; fileRef = 9B8AF60A1EC1A1E100AEE0A8 /* Tabbar.storyboard */; };
		9B8AF60D1EC1A20400AEE0A8 /* Profile.storyboard in Resources */ = {isa = PBXBuildFile; fileRef = 9B8AF60C1EC1A20400AEE0A8 /* Profile.storyboard */; };
		9B8AF6111EC1A50700AEE0A8 /* TabbarViewController.m in Sources */ = {isa = PBXBuildFile; fileRef = 9B8AF6101EC1A50700AEE0A8 /* TabbarViewController.m */; };
		9B8AF6501EC5626700AEE0A8 /* ProfileNavgationViewController.m in Sources */ = {isa = PBXBuildFile; fileRef = 9B8AF64F1EC5626700AEE0A8 /* ProfileNavgationViewController.m */; };
		9E91EB5774F1A4E0A06A821C /* libPods-YouBike_Objc.a in Frameworks */ = {isa = PBXBuildFile; fileRef = 923A3DEAC363EAFF168D06B3 /* libPods-YouBike_Objc.a */; };
/* End PBXBuildFile section */

/* Begin PBXFileReference section */
		58BD20D4EF183D6E6FF36015 /* Pods-YouBike_Objc.debug.xcconfig */ = {isa = PBXFileReference; includeInIndex = 1; lastKnownFileType = text.xcconfig; name = "Pods-YouBike_Objc.debug.xcconfig"; path = "Pods/Target Support Files/Pods-YouBike_Objc/Pods-YouBike_Objc.debug.xcconfig"; sourceTree = "<group>"; };
		7B1880681EC59D3E001F5632 /* StationsTableViewCell.h */ = {isa = PBXFileReference; fileEncoding = 4; lastKnownFileType = sourcecode.c.h; path = StationsTableViewCell.h; sourceTree = "<group>"; };
		7B1880691EC59D3E001F5632 /* StationsTableViewCell.m */ = {isa = PBXFileReference; fileEncoding = 4; lastKnownFileType = sourcecode.c.objc; path = StationsTableViewCell.m; sourceTree = "<group>"; };
		7B18806A1EC59D3E001F5632 /* StationsTableViewCell.xib */ = {isa = PBXFileReference; fileEncoding = 4; lastKnownFileType = file.xib; path = StationsTableViewCell.xib; sourceTree = "<group>"; };
		7B18806F1EC6B89C001F5632 /* CommentTableViewCell.h */ = {isa = PBXFileReference; fileEncoding = 4; lastKnownFileType = sourcecode.c.h; path = CommentTableViewCell.h; sourceTree = "<group>"; };
		7B1880701EC6B89C001F5632 /* CommentTableViewCell.m */ = {isa = PBXFileReference; fileEncoding = 4; lastKnownFileType = sourcecode.c.objc; path = CommentTableViewCell.m; sourceTree = "<group>"; };
		7B1880711EC6B89C001F5632 /* CommentTableViewCell.xib */ = {isa = PBXFileReference; fileEncoding = 4; lastKnownFileType = file.xib; path = CommentTableViewCell.xib; sourceTree = "<group>"; };
		7B1880721EC6B89C001F5632 /* MapTableViewCell.h */ = {isa = PBXFileReference; fileEncoding = 4; lastKnownFileType = sourcecode.c.h; path = MapTableViewCell.h; sourceTree = "<group>"; };
		7B1880731EC6B89C001F5632 /* MapTableViewCell.m */ = {isa = PBXFileReference; fileEncoding = 4; lastKnownFileType = sourcecode.c.objc; path = MapTableViewCell.m; sourceTree = "<group>"; };
		7B1880741EC6B89C001F5632 /* MapTableViewCell.xib */ = {isa = PBXFileReference; fileEncoding = 4; lastKnownFileType = file.xib; path = MapTableViewCell.xib; sourceTree = "<group>"; };
		7B1880751EC6B89C001F5632 /* MapTableViewController.h */ = {isa = PBXFileReference; fileEncoding = 4; lastKnownFileType = sourcecode.c.h; path = MapTableViewController.h; sourceTree = "<group>"; };
		7B1880761EC6B89C001F5632 /* MapTableViewController.m */ = {isa = PBXFileReference; fileEncoding = 4; lastKnownFileType = sourcecode.c.objc; path = MapTableViewController.m; sourceTree = "<group>"; };
		7B1880771EC6B89C001F5632 /* MapView.storyboard */ = {isa = PBXFileReference; fileEncoding = 4; lastKnownFileType = file.storyboard; path = MapView.storyboard; sourceTree = "<group>"; };
		7B81587C1EC5844100297408 /* StationInfoController.h */ = {isa = PBXFileReference; fileEncoding = 4; lastKnownFileType = sourcecode.c.h; path = StationInfoController.h; sourceTree = "<group>"; };
		7B81587D1EC5844100297408 /* StationInfoController.m */ = {isa = PBXFileReference; fileEncoding = 4; lastKnownFileType = sourcecode.c.objc; path = StationInfoController.m; sourceTree = "<group>"; };
		7B81587F1EC5867200297408 /* StationInfoController.storyboard */ = {isa = PBXFileReference; fileEncoding = 4; lastKnownFileType = file.storyboard; path = StationInfoController.storyboard; sourceTree = "<group>"; };
		7BAD9BE51EC151AF006DB809 /* YouBike_Objc.app */ = {isa = PBXFileReference; explicitFileType = wrapper.application; includeInIndex = 0; path = YouBike_Objc.app; sourceTree = BUILT_PRODUCTS_DIR; };
		7BAD9BE91EC151AF006DB809 /* main.m */ = {isa = PBXFileReference; lastKnownFileType = sourcecode.c.objc; path = main.m; sourceTree = "<group>"; };
		7BAD9BEB1EC151AF006DB809 /* AppDelegate.h */ = {isa = PBXFileReference; lastKnownFileType = sourcecode.c.h; path = AppDelegate.h; sourceTree = "<group>"; };
		7BAD9BEC1EC151AF006DB809 /* AppDelegate.m */ = {isa = PBXFileReference; lastKnownFileType = sourcecode.c.objc; path = AppDelegate.m; sourceTree = "<group>"; };
		7BAD9BF41EC151AF006DB809 /* Assets.xcassets */ = {isa = PBXFileReference; lastKnownFileType = folder.assetcatalog; path = Assets.xcassets; sourceTree = "<group>"; };
		7BAD9BF71EC151AF006DB809 /* Base */ = {isa = PBXFileReference; lastKnownFileType = file.storyboard; name = Base; path = Base.lproj/LaunchScreen.storyboard; sourceTree = "<group>"; };
		7BAD9BF91EC151AF006DB809 /* Info.plist */ = {isa = PBXFileReference; lastKnownFileType = text.plist.xml; path = Info.plist; sourceTree = "<group>"; };
		7BAD9C051EC1883D006DB809 /* Default-568h@2x.png */ = {isa = PBXFileReference; lastKnownFileType = image.png; path = "Default-568h@2x.png"; sourceTree = "<group>"; };
		7BAD9C101EC1BD19006DB809 /* YoubikeManager.h */ = {isa = PBXFileReference; fileEncoding = 4; lastKnownFileType = sourcecode.c.h; path = YoubikeManager.h; sourceTree = "<group>"; };
		7BAD9C111EC1BD19006DB809 /* YoubikeManager.m */ = {isa = PBXFileReference; fileEncoding = 4; lastKnownFileType = sourcecode.c.objc; path = YoubikeManager.m; sourceTree = "<group>"; };
		7BAD9C131EC1CB6F006DB809 /* libAFNetworking.a */ = {isa = PBXFileReference; lastKnownFileType = archive.ar; name = libAFNetworking.a; path = "../../../Library/Developer/Xcode/DerivedData/YouBike_Objc-ccqhmvmryeoofxfhptrnxujtdxic/Build/Products/Debug-iphonesimulator/AFNetworking/libAFNetworking.a"; sourceTree = "<group>"; };
		7BD2AAFF1EC6D612006811BE /* Stations.h */ = {isa = PBXFileReference; fileEncoding = 4; lastKnownFileType = sourcecode.c.h; path = Stations.h; sourceTree = "<group>"; };
		7BD2AB001EC6D612006811BE /* Stations.m */ = {isa = PBXFileReference; fileEncoding = 4; lastKnownFileType = sourcecode.c.objc; path = Stations.m; sourceTree = "<group>"; };
		923A3DEAC363EAFF168D06B3 /* libPods-YouBike_Objc.a */ = {isa = PBXFileReference; explicitFileType = archive.ar; includeInIndex = 0; path = "libPods-YouBike_Objc.a"; sourceTree = BUILT_PRODUCTS_DIR; };
		9B8AF6001EC1624400AEE0A8 /* LogInViewController.h */ = {isa = PBXFileReference; fileEncoding = 4; lastKnownFileType = sourcecode.c.h; path = LogInViewController.h; sourceTree = "<group>"; };
		9B8AF6011EC1624400AEE0A8 /* LogInViewController.m */ = {isa = PBXFileReference; fileEncoding = 4; lastKnownFileType = sourcecode.c.objc; path = LogInViewController.m; sourceTree = "<group>"; };
		9B8AF6041EC1663600AEE0A8 /* Login.storyboard */ = {isa = PBXFileReference; fileEncoding = 4; lastKnownFileType = file.storyboard; path = Login.storyboard; sourceTree = "<group>"; };
		9B8AF6061EC19E5400AEE0A8 /* ProfileViewController.h */ = {isa = PBXFileReference; fileEncoding = 4; lastKnownFileType = sourcecode.c.h; path = ProfileViewController.h; sourceTree = "<group>"; };
		9B8AF6071EC19E5400AEE0A8 /* ProfileViewController.m */ = {isa = PBXFileReference; fileEncoding = 4; lastKnownFileType = sourcecode.c.objc; path = ProfileViewController.m; sourceTree = "<group>"; };
		9B8AF60A1EC1A1E100AEE0A8 /* Tabbar.storyboard */ = {isa = PBXFileReference; fileEncoding = 4; lastKnownFileType = file.storyboard; path = Tabbar.storyboard; sourceTree = "<group>"; };
		9B8AF60C1EC1A20400AEE0A8 /* Profile.storyboard */ = {isa = PBXFileReference; fileEncoding = 4; lastKnownFileType = file.storyboard; path = Profile.storyboard; sourceTree = "<group>"; };
		9B8AF60F1EC1A50700AEE0A8 /* TabbarViewController.h */ = {isa = PBXFileReference; fileEncoding = 4; lastKnownFileType = sourcecode.c.h; path = TabbarViewController.h; sourceTree = "<group>"; };
		9B8AF6101EC1A50700AEE0A8 /* TabbarViewController.m */ = {isa = PBXFileReference; fileEncoding = 4; lastKnownFileType = sourcecode.c.objc; path = TabbarViewController.m; sourceTree = "<group>"; };
		9B8AF64E1EC5626700AEE0A8 /* ProfileNavgationViewController.h */ = {isa = PBXFileReference; fileEncoding = 4; lastKnownFileType = sourcecode.c.h; path = ProfileNavgationViewController.h; sourceTree = "<group>"; };
		9B8AF64F1EC5626700AEE0A8 /* ProfileNavgationViewController.m */ = {isa = PBXFileReference; fileEncoding = 4; lastKnownFileType = sourcecode.c.objc; path = ProfileNavgationViewController.m; sourceTree = "<group>"; };
		FD36F8B16191802CDC184C20 /* Pods-YouBike_Objc.release.xcconfig */ = {isa = PBXFileReference; includeInIndex = 1; lastKnownFileType = text.xcconfig; name = "Pods-YouBike_Objc.release.xcconfig"; path = "Pods/Target Support Files/Pods-YouBike_Objc/Pods-YouBike_Objc.release.xcconfig"; sourceTree = "<group>"; };
/* End PBXFileReference section */

/* Begin PBXFrameworksBuildPhase section */
		7BAD9BE21EC151AF006DB809 /* Frameworks */ = {
			isa = PBXFrameworksBuildPhase;
			buildActionMask = 2147483647;
			files = (
				7BAD9C141EC1CB6F006DB809 /* libAFNetworking.a in Frameworks */,
				9E91EB5774F1A4E0A06A821C /* libPods-YouBike_Objc.a in Frameworks */,
			);
			runOnlyForDeploymentPostprocessing = 0;
		};
/* End PBXFrameworksBuildPhase section */

/* Begin PBXGroup section */
		679ECB95427BFBE779B4C112 /* Frameworks */ = {
			isa = PBXGroup;
			children = (
				7BAD9C131EC1CB6F006DB809 /* libAFNetworking.a */,
				923A3DEAC363EAFF168D06B3 /* libPods-YouBike_Objc.a */,
			);
			name = Frameworks;
			sourceTree = "<group>";
		};
		7B18807E1EC6B8B3001F5632 /* MapTableViewController */ = {
			isa = PBXGroup;
			children = (
				7B18806F1EC6B89C001F5632 /* CommentTableViewCell.h */,
				7B1880701EC6B89C001F5632 /* CommentTableViewCell.m */,
				7B1880711EC6B89C001F5632 /* CommentTableViewCell.xib */,
				7B1880721EC6B89C001F5632 /* MapTableViewCell.h */,
				7B1880731EC6B89C001F5632 /* MapTableViewCell.m */,
				7B1880741EC6B89C001F5632 /* MapTableViewCell.xib */,
				7B1880751EC6B89C001F5632 /* MapTableViewController.h */,
				7B1880761EC6B89C001F5632 /* MapTableViewController.m */,
				7B1880771EC6B89C001F5632 /* MapView.storyboard */,
			);
			name = MapTableViewController;
			sourceTree = "<group>";
		};
		7B81587B1EC5832400297408 /* StationInfoController */ = {
			isa = PBXGroup;
			children = (
				7B81587C1EC5844100297408 /* StationInfoController.h */,
				7B81587D1EC5844100297408 /* StationInfoController.m */,
				7B1880681EC59D3E001F5632 /* StationsTableViewCell.h */,
				7B1880691EC59D3E001F5632 /* StationsTableViewCell.m */,
				7B18806A1EC59D3E001F5632 /* StationsTableViewCell.xib */,
				7B81587F1EC5867200297408 /* StationInfoController.storyboard */,
			);
			name = StationInfoController;
			sourceTree = "<group>";
		};
		7BAD9BDC1EC151AF006DB809 = {
			isa = PBXGroup;
			children = (
				7BAD9C051EC1883D006DB809 /* Default-568h@2x.png */,
				7BAD9BE71EC151AF006DB809 /* YouBike_Objc */,
				7BAD9BE61EC151AF006DB809 /* Products */,
				A121482DB3DED7A7F73BBC77 /* Pods */,
				679ECB95427BFBE779B4C112 /* Frameworks */,
			);
			sourceTree = "<group>";
		};
		7BAD9BE61EC151AF006DB809 /* Products */ = {
			isa = PBXGroup;
			children = (
				7BAD9BE51EC151AF006DB809 /* YouBike_Objc.app */,
			);
			name = Products;
			sourceTree = "<group>";
		};
		7BAD9BE71EC151AF006DB809 /* YouBike_Objc */ = {
			isa = PBXGroup;
			children = (
				7B81587B1EC5832400297408 /* StationInfoController */,
				7B18807E1EC6B8B3001F5632 /* MapTableViewController */,
				9B8AF6031EC1624C00AEE0A8 /* Login */,
				9B8AF6091EC19E5E00AEE0A8 /* Profile */,
				9B8AF60E1EC1A40900AEE0A8 /* Tabbar */,
				7BAD9C071EC19E9E006DB809 /* Model */,
				7BAD9BE81EC151AF006DB809 /* Supporting Files */,
				7BAD9BEB1EC151AF006DB809 /* AppDelegate.h */,
				7BAD9BEC1EC151AF006DB809 /* AppDelegate.m */,
				7BAD9BF41EC151AF006DB809 /* Assets.xcassets */,
				7BAD9BF61EC151AF006DB809 /* LaunchScreen.storyboard */,
				7BAD9BF91EC151AF006DB809 /* Info.plist */,
			);
			path = YouBike_Objc;
			sourceTree = "<group>";
		};
		7BAD9BE81EC151AF006DB809 /* Supporting Files */ = {
			isa = PBXGroup;
			children = (
				7BAD9BE91EC151AF006DB809 /* main.m */,
			);
			name = "Supporting Files";
			sourceTree = "<group>";
		};
		7BAD9C071EC19E9E006DB809 /* Model */ = {
			isa = PBXGroup;
			children = (
				7BAD9C101EC1BD19006DB809 /* YoubikeManager.h */,
				7BD2AAFF1EC6D612006811BE /* Stations.h */,
				7BD2AB001EC6D612006811BE /* Stations.m */,
				7BAD9C111EC1BD19006DB809 /* YoubikeManager.m */,
			);
			name = Model;
			sourceTree = "<group>";
		};
		9B8AF6031EC1624C00AEE0A8 /* Login */ = {
			isa = PBXGroup;
			children = (
				9B8AF6001EC1624400AEE0A8 /* LogInViewController.h */,
				9B8AF6011EC1624400AEE0A8 /* LogInViewController.m */,
				9B8AF6041EC1663600AEE0A8 /* Login.storyboard */,
			);
			name = Login;
			sourceTree = "<group>";
		};
		9B8AF6091EC19E5E00AEE0A8 /* Profile */ = {
			isa = PBXGroup;
			children = (
				9B8AF64E1EC5626700AEE0A8 /* ProfileNavgationViewController.h */,
				9B8AF64F1EC5626700AEE0A8 /* ProfileNavgationViewController.m */,
				9B8AF6061EC19E5400AEE0A8 /* ProfileViewController.h */,
				9B8AF6071EC19E5400AEE0A8 /* ProfileViewController.m */,
				9B8AF60C1EC1A20400AEE0A8 /* Profile.storyboard */,
			);
			name = Profile;
			sourceTree = "<group>";
		};
		9B8AF60E1EC1A40900AEE0A8 /* Tabbar */ = {
			isa = PBXGroup;
			children = (
				9B8AF60A1EC1A1E100AEE0A8 /* Tabbar.storyboard */,
				9B8AF60F1EC1A50700AEE0A8 /* TabbarViewController.h */,
				9B8AF6101EC1A50700AEE0A8 /* TabbarViewController.m */,
			);
			name = Tabbar;
			sourceTree = "<group>";
		};
		A121482DB3DED7A7F73BBC77 /* Pods */ = {
			isa = PBXGroup;
			children = (
				58BD20D4EF183D6E6FF36015 /* Pods-YouBike_Objc.debug.xcconfig */,
				FD36F8B16191802CDC184C20 /* Pods-YouBike_Objc.release.xcconfig */,
			);
			name = Pods;
			sourceTree = "<group>";
		};
/* End PBXGroup section */

/* Begin PBXNativeTarget section */
		7BAD9BE41EC151AF006DB809 /* YouBike_Objc */ = {
			isa = PBXNativeTarget;
			buildConfigurationList = 7BAD9BFC1EC151AF006DB809 /* Build configuration list for PBXNativeTarget "YouBike_Objc" */;
			buildPhases = (
				48E83D15E643550DCFB31E40 /* [CP] Check Pods Manifest.lock */,
				7BAD9BE11EC151AF006DB809 /* Sources */,
				7BAD9BE21EC151AF006DB809 /* Frameworks */,
				7BAD9BE31EC151AF006DB809 /* Resources */,
				448AA8592EE92F2AD440B90D /* [CP] Embed Pods Frameworks */,
				29B3F90460D166BF0A7D1A23 /* [CP] Copy Pods Resources */,
			);
			buildRules = (
			);
			dependencies = (
			);
			name = YouBike_Objc;
			productName = YouBike_Objc;
			productReference = 7BAD9BE51EC151AF006DB809 /* YouBike_Objc.app */;
			productType = "com.apple.product-type.application";
		};
/* End PBXNativeTarget section */

/* Begin PBXProject section */
		7BAD9BDD1EC151AF006DB809 /* Project object */ = {
			isa = PBXProject;
			attributes = {
				LastUpgradeCheck = 0830;
				ORGANIZATIONNAME = "劉洧熏";
				TargetAttributes = {
					7BAD9BE41EC151AF006DB809 = {
						CreatedOnToolsVersion = 8.3.2;
						DevelopmentTeam = 99E6PZ48K5;
						ProvisioningStyle = Automatic;
					};
				};
			};
			buildConfigurationList = 7BAD9BE01EC151AF006DB809 /* Build configuration list for PBXProject "YouBike_Objc" */;
			compatibilityVersion = "Xcode 3.2";
			developmentRegion = English;
			hasScannedForEncodings = 0;
			knownRegions = (
				en,
				Base,
			);
			mainGroup = 7BAD9BDC1EC151AF006DB809;
			productRefGroup = 7BAD9BE61EC151AF006DB809 /* Products */;
			projectDirPath = "";
			projectRoot = "";
			targets = (
				7BAD9BE41EC151AF006DB809 /* YouBike_Objc */,
			);
		};
/* End PBXProject section */

/* Begin PBXResourcesBuildPhase section */
		7BAD9BE31EC151AF006DB809 /* Resources */ = {
			isa = PBXResourcesBuildPhase;
			buildActionMask = 2147483647;
			files = (
				9B8AF60B1EC1A1E100AEE0A8 /* Tabbar.storyboard in Resources */,
				7BAD9BF81EC151AF006DB809 /* LaunchScreen.storyboard in Resources */,
				7B18806C1EC59D3E001F5632 /* StationsTableViewCell.xib in Resources */,
				9B8AF60D1EC1A20400AEE0A8 /* Profile.storyboard in Resources */,
				7BAD9BF51EC151AF006DB809 /* Assets.xcassets in Resources */,
				7B8158801EC5867200297408 /* StationInfoController.storyboard in Resources */,
				9B8AF6051EC1663600AEE0A8 /* Login.storyboard in Resources */,
				7B18807B1EC6B89C001F5632 /* MapTableViewCell.xib in Resources */,
				7B18807D1EC6B89C001F5632 /* MapView.storyboard in Resources */,
				7B1880791EC6B89C001F5632 /* CommentTableViewCell.xib in Resources */,
			);
			runOnlyForDeploymentPostprocessing = 0;
		};
/* End PBXResourcesBuildPhase section */

/* Begin PBXShellScriptBuildPhase section */
		29B3F90460D166BF0A7D1A23 /* [CP] Copy Pods Resources */ = {
			isa = PBXShellScriptBuildPhase;
			buildActionMask = 2147483647;
			files = (
			);
			inputPaths = (
			);
			name = "[CP] Copy Pods Resources";
			outputPaths = (
			);
			runOnlyForDeploymentPostprocessing = 0;
			shellPath = /bin/sh;
			shellScript = "\"${SRCROOT}/Pods/Target Support Files/Pods-YouBike_Objc/Pods-YouBike_Objc-resources.sh\"\n";
			showEnvVarsInLog = 0;
		};
		448AA8592EE92F2AD440B90D /* [CP] Embed Pods Frameworks */ = {
			isa = PBXShellScriptBuildPhase;
			buildActionMask = 2147483647;
			files = (
			);
			inputPaths = (
			);
			name = "[CP] Embed Pods Frameworks";
			outputPaths = (
			);
			runOnlyForDeploymentPostprocessing = 0;
			shellPath = /bin/sh;
			shellScript = "\"${SRCROOT}/Pods/Target Support Files/Pods-YouBike_Objc/Pods-YouBike_Objc-frameworks.sh\"\n";
			showEnvVarsInLog = 0;
		};
		48E83D15E643550DCFB31E40 /* [CP] Check Pods Manifest.lock */ = {
			isa = PBXShellScriptBuildPhase;
			buildActionMask = 2147483647;
			files = (
			);
			inputPaths = (
			);
			name = "[CP] Check Pods Manifest.lock";
			outputPaths = (
			);
			runOnlyForDeploymentPostprocessing = 0;
			shellPath = /bin/sh;
			shellScript = "diff \"${PODS_PODFILE_DIR_PATH}/Podfile.lock\" \"${PODS_ROOT}/Manifest.lock\" > /dev/null\nif [ $? != 0 ] ; then\n    # print error to STDERR\n    echo \"error: The sandbox is not in sync with the Podfile.lock. Run 'pod install' or update your CocoaPods installation.\" >&2\n    exit 1\nfi\n";
			showEnvVarsInLog = 0;
		};
/* End PBXShellScriptBuildPhase section */

/* Begin PBXSourcesBuildPhase section */
		7BAD9BE11EC151AF006DB809 /* Sources */ = {
			isa = PBXSourcesBuildPhase;
			buildActionMask = 2147483647;
			files = (
				7B18807C1EC6B89C001F5632 /* MapTableViewController.m in Sources */,
				7B18806B1EC59D3E001F5632 /* StationsTableViewCell.m in Sources */,
				7B18807A1EC6B89C001F5632 /* MapTableViewCell.m in Sources */,
				9B8AF6111EC1A50700AEE0A8 /* TabbarViewController.m in Sources */,
				7BAD9BED1EC151AF006DB809 /* AppDelegate.m in Sources */,
				7B1880781EC6B89C001F5632 /* CommentTableViewCell.m in Sources */,
				7B81587E1EC5844100297408 /* StationInfoController.m in Sources */,
				7BD2AB011EC6D612006811BE /* Stations.m in Sources */,
				7BAD9BEA1EC151AF006DB809 /* main.m in Sources */,
				7BAD9C121EC1BD19006DB809 /* YoubikeManager.m in Sources */,
				9B8AF6081EC19E5400AEE0A8 /* ProfileViewController.m in Sources */,
				9B8AF6501EC5626700AEE0A8 /* ProfileNavgationViewController.m in Sources */,
				9B8AF6021EC1624400AEE0A8 /* LogInViewController.m in Sources */,
			);
			runOnlyForDeploymentPostprocessing = 0;
		};
/* End PBXSourcesBuildPhase section */

/* Begin PBXVariantGroup section */
		7BAD9BF61EC151AF006DB809 /* LaunchScreen.storyboard */ = {
			isa = PBXVariantGroup;
			children = (
				7BAD9BF71EC151AF006DB809 /* Base */,
			);
			name = LaunchScreen.storyboard;
			sourceTree = "<group>";
		};
/* End PBXVariantGroup section */

/* Begin XCBuildConfiguration section */
		7BAD9BFA1EC151AF006DB809 /* Debug */ = {
			isa = XCBuildConfiguration;
			buildSettings = {
				ALWAYS_SEARCH_USER_PATHS = NO;
				CLANG_ANALYZER_NONNULL = YES;
				CLANG_ANALYZER_NUMBER_OBJECT_CONVERSION = YES_AGGRESSIVE;
				CLANG_CXX_LANGUAGE_STANDARD = "gnu++0x";
				CLANG_CXX_LIBRARY = "libc++";
				CLANG_ENABLE_MODULES = YES;
				CLANG_ENABLE_OBJC_ARC = YES;
				CLANG_WARN_BOOL_CONVERSION = YES;
				CLANG_WARN_CONSTANT_CONVERSION = YES;
				CLANG_WARN_DIRECT_OBJC_ISA_USAGE = YES_ERROR;
				CLANG_WARN_DOCUMENTATION_COMMENTS = YES;
				CLANG_WARN_EMPTY_BODY = YES;
				CLANG_WARN_ENUM_CONVERSION = YES;
				CLANG_WARN_INFINITE_RECURSION = YES;
				CLANG_WARN_INT_CONVERSION = YES;
				CLANG_WARN_OBJC_ROOT_CLASS = YES_ERROR;
				CLANG_WARN_SUSPICIOUS_MOVE = YES;
				CLANG_WARN_UNREACHABLE_CODE = YES;
				CLANG_WARN__DUPLICATE_METHOD_MATCH = YES;
				"CODE_SIGN_IDENTITY[sdk=iphoneos*]" = "iPhone Developer";
				COPY_PHASE_STRIP = NO;
				DEBUG_INFORMATION_FORMAT = dwarf;
				ENABLE_BITCODE = NO;
				ENABLE_STRICT_OBJC_MSGSEND = YES;
				ENABLE_TESTABILITY = YES;
				GCC_C_LANGUAGE_STANDARD = gnu99;
				GCC_DYNAMIC_NO_PIC = NO;
				GCC_NO_COMMON_BLOCKS = YES;
				GCC_OPTIMIZATION_LEVEL = 0;
				GCC_PREPROCESSOR_DEFINITIONS = (
					"DEBUG=1",
					"$(inherited)",
				);
				GCC_WARN_64_TO_32_BIT_CONVERSION = YES;
				GCC_WARN_ABOUT_RETURN_TYPE = YES_ERROR;
				GCC_WARN_UNDECLARED_SELECTOR = YES;
				GCC_WARN_UNINITIALIZED_AUTOS = YES_AGGRESSIVE;
				GCC_WARN_UNUSED_FUNCTION = YES;
				GCC_WARN_UNUSED_VARIABLE = YES;
				IPHONEOS_DEPLOYMENT_TARGET = 10.3;
				MTL_ENABLE_DEBUG_INFO = YES;
				ONLY_ACTIVE_ARCH = YES;
				SDKROOT = iphoneos;
				TARGETED_DEVICE_FAMILY = "1,2";
				VALID_ARCHS = "arm64 armv7 armv7s";
			};
			name = Debug;
		};
		7BAD9BFB1EC151AF006DB809 /* Release */ = {
			isa = XCBuildConfiguration;
			buildSettings = {
				ALWAYS_SEARCH_USER_PATHS = NO;
				CLANG_ANALYZER_NONNULL = YES;
				CLANG_ANALYZER_NUMBER_OBJECT_CONVERSION = YES_AGGRESSIVE;
				CLANG_CXX_LANGUAGE_STANDARD = "gnu++0x";
				CLANG_CXX_LIBRARY = "libc++";
				CLANG_ENABLE_MODULES = YES;
				CLANG_ENABLE_OBJC_ARC = YES;
				CLANG_WARN_BOOL_CONVERSION = YES;
				CLANG_WARN_CONSTANT_CONVERSION = YES;
				CLANG_WARN_DIRECT_OBJC_ISA_USAGE = YES_ERROR;
				CLANG_WARN_DOCUMENTATION_COMMENTS = YES;
				CLANG_WARN_EMPTY_BODY = YES;
				CLANG_WARN_ENUM_CONVERSION = YES;
				CLANG_WARN_INFINITE_RECURSION = YES;
				CLANG_WARN_INT_CONVERSION = YES;
				CLANG_WARN_OBJC_ROOT_CLASS = YES_ERROR;
				CLANG_WARN_SUSPICIOUS_MOVE = YES;
				CLANG_WARN_UNREACHABLE_CODE = YES;
				CLANG_WARN__DUPLICATE_METHOD_MATCH = YES;
				"CODE_SIGN_IDENTITY[sdk=iphoneos*]" = "iPhone Developer";
				COPY_PHASE_STRIP = NO;
				DEBUG_INFORMATION_FORMAT = "dwarf-with-dsym";
				ENABLE_BITCODE = NO;
				ENABLE_NS_ASSERTIONS = NO;
				ENABLE_STRICT_OBJC_MSGSEND = YES;
				GCC_C_LANGUAGE_STANDARD = gnu99;
				GCC_NO_COMMON_BLOCKS = YES;
				GCC_WARN_64_TO_32_BIT_CONVERSION = YES;
				GCC_WARN_ABOUT_RETURN_TYPE = YES_ERROR;
				GCC_WARN_UNDECLARED_SELECTOR = YES;
				GCC_WARN_UNINITIALIZED_AUTOS = YES_AGGRESSIVE;
				GCC_WARN_UNUSED_FUNCTION = YES;
				GCC_WARN_UNUSED_VARIABLE = YES;
				IPHONEOS_DEPLOYMENT_TARGET = 10.3;
				MTL_ENABLE_DEBUG_INFO = NO;
				SDKROOT = iphoneos;
				TARGETED_DEVICE_FAMILY = "1,2";
				VALIDATE_PRODUCT = YES;
				VALID_ARCHS = "arm64 armv7 armv7s";
			};
			name = Release;
		};
		7BAD9BFD1EC151AF006DB809 /* Debug */ = {
			isa = XCBuildConfiguration;
			baseConfigurationReference = 58BD20D4EF183D6E6FF36015 /* Pods-YouBike_Objc.debug.xcconfig */;
			buildSettings = {
				ASSETCATALOG_COMPILER_APPICON_NAME = AppIcon;
				DEVELOPMENT_TEAM = 99E6PZ48K5;
				INFOPLIST_FILE = YouBike_Objc/Info.plist;
				LD_RUNPATH_SEARCH_PATHS = "$(inherited) @executable_path/Frameworks";
				PRODUCT_BUNDLE_IDENTIFIER = "com.YouBike-Objc";
				PRODUCT_NAME = "$(TARGET_NAME)";
				VALID_ARCHS = "arm64 armv7 armv7s";
			};
			name = Debug;
		};
		7BAD9BFE1EC151AF006DB809 /* Release */ = {
			isa = XCBuildConfiguration;
			baseConfigurationReference = FD36F8B16191802CDC184C20 /* Pods-YouBike_Objc.release.xcconfig */;
			buildSettings = {
				ASSETCATALOG_COMPILER_APPICON_NAME = AppIcon;
				DEVELOPMENT_TEAM = 99E6PZ48K5;
				INFOPLIST_FILE = YouBike_Objc/Info.plist;
				LD_RUNPATH_SEARCH_PATHS = "$(inherited) @executable_path/Frameworks";
				PRODUCT_BUNDLE_IDENTIFIER = "com.YouBike-Objc";
				PRODUCT_NAME = "$(TARGET_NAME)";
				VALID_ARCHS = "arm64 armv7 armv7s";
			};
			name = Release;
		};
/* End XCBuildConfiguration section */

/* Begin XCConfigurationList section */
		7BAD9BE01EC151AF006DB809 /* Build configuration list for PBXProject "YouBike_Objc" */ = {
			isa = XCConfigurationList;
			buildConfigurations = (
				7BAD9BFA1EC151AF006DB809 /* Debug */,
				7BAD9BFB1EC151AF006DB809 /* Release */,
			);
			defaultConfigurationIsVisible = 0;
			defaultConfigurationName = Release;
		};
		7BAD9BFC1EC151AF006DB809 /* Build configuration list for PBXNativeTarget "YouBike_Objc" */ = {
			isa = XCConfigurationList;
			buildConfigurations = (
				7BAD9BFD1EC151AF006DB809 /* Debug */,
				7BAD9BFE1EC151AF006DB809 /* Release */,
			);
			defaultConfigurationIsVisible = 0;
			defaultConfigurationName = Release;
		};
/* End XCConfigurationList section */
	};
	rootObject = 7BAD9BDD1EC151AF006DB809 /* Project object */;
}
